
Microsoft Visual Studio Solution File, Format Version 12.00
# Visual Studio Version 16
VisualStudioVersion = 16.0.31005.135
MinimumVisualStudioVersion = 10.0.40219.1
Project("{9A19103F-16F7-4668-BE54-9A1E7A4F7556}") = "BeetleX.Http.Clients", "BeetleX.Http.Clients.csproj", "{4448ECC2-FFF5-438B-8647-3A86E11E4752}"
EndProject
Project("{9A19103F-16F7-4668-BE54-9A1E7A4F7556}") = "BeetleX.Http.Clients.UnitTest", "BeetleX.Http.Clients.UnitTest\BeetleX.Http.Clients.UnitTest.csproj", "{90CFD1FC-82A3-4EDC-9486-EF05FAA0DADA}"
EndProject
Project("{9A19103F-16F7-4668-BE54-9A1E7A4F7556}") = "Northwind.Data", "Northwind.Data\Northwind.Data.csproj", "{9B447D7F-516F-4B75-9D4B-DEF75275314C}"
EndProject
Global
	GlobalSection(SolutionConfigurationPlatforms) = preSolution
		Debug|Any CPU = Debug|Any CPU
		Release|Any CPU = Release|Any CPU
	EndGlobalSection
	GlobalSection(ProjectConfigurationPlatforms) = postSolution
		{4448ECC2-FFF5-438B-8647-3A86E11E4752}.Debug|Any CPU.ActiveCfg = Debug|Any CPU
		{4448ECC2-FFF5-438B-8647-3A86E11E4752}.Debug|Any CPU.Build.0 = Debug|Any CPU
		{4448ECC2-FFF5-438B-8647-3A86E11E4752}.Release|Any CPU.ActiveCfg = Release|Any CPU
		{4448ECC2-FFF5-438B-8647-3A86E11E4752}.Release|Any CPU.Build.0 = Release|Any CPU
		{90CFD1FC-82A3-4EDC-9486-EF05FAA0DADA}.Debug|Any CPU.ActiveCfg = Debug|Any CPU
		{90CFD1FC-82A3-4EDC-9486-EF05FAA0DADA}.Debug|Any CPU.Build.0 = Debug|Any CPU
		{90CFD1FC-82A3-4EDC-9486-EF05FAA0DADA}.Release|Any CPU.ActiveCfg = Release|Any CPU
		{90CFD1FC-82A3-4EDC-9486-EF05FAA0DADA}.Release|Any CPU.Build.0 = Release|Any CPU
		{9B447D7F-516F-4B75-9D4B-DEF75275314C}.Debug|Any CPU.ActiveCfg = Debug|Any CPU
		{9B447D7F-516F-4B75-9D4B-DEF75275314C}.Debug|Any CPU.Build.0 = Debug|Any CPU
		{9B447D7F-516F-4B75-9D4B-DEF75275314C}.Release|Any CPU.ActiveCfg = Release|Any CPU
		{9B447D7F-516F-4B75-9D4B-DEF75275314C}.Release|Any CPU.Build.0 = Release|Any CPU
	EndGlobalSection
	GlobalSection(SolutionProperties) = preSolution
		HideSolutionNode = FALSE
	EndGlobalSection
	GlobalSection(ExtensibilityGlobals) = postSolution
		SolutionGuid = {35BAD3BA-33E1-40EC-AFF1-1E3CE470AC5D}
	EndGlobalSection
EndGlobal
